
Microsoft Visual Studio Solution File, Format Version 12.00
# Visual Studio Version 16
VisualStudioVersion = 16.0.30225.117
MinimumVisualStudioVersion = 10.0.40219.1
Project("{FAE04EC0-301F-11D3-BF4B-00C04F79EFBC}") = "RealTimeChatApp", "RealTimeChatApp\RealTimeChatApp.csproj", "{B041DC61-8853-42FF-9915-C36D7FE31DBA}"
EndProject
Global
	GlobalSection(SolutionConfigurationPlatforms) = preSolution
		Debug|Any CPU = Debug|Any CPU
		Release|Any CPU = Release|Any CPU
	EndGlobalSection
	GlobalSection(ProjectConfigurationPlatforms) = postSolution
		{B041DC61-8853-42FF-9915-C36D7FE31DBA}.Debug|Any CPU.ActiveCfg = Debug|Any CPU
		{B041DC61-8853-42FF-9915-C36D7FE31DBA}.Debug|Any CPU.Build.0 = Debug|Any CPU
		{B041DC61-8853-42FF-9915-C36D7FE31DBA}.Release|Any CPU.ActiveCfg = Release|Any CPU
		{B041DC61-8853-42FF-9915-C36D7FE31DBA}.Release|Any CPU.Build.0 = Release|Any CPU
	EndGlobalSection
	GlobalSection(SolutionProperties) = preSolution
		HideSolutionNode = FALSE
	EndGlobalSection
	GlobalSection(ExtensibilityGlobals) = postSolution
		SolutionGuid = {425B2D78-B0EE-48DC-B3BC-95BA36028B64}
	EndGlobalSection
EndGlobal
